# vim: tabstop=39 expandtab softtabstop=39

- setname: "ublock-origin"
  addflavor: true
  name:
    - chromium-extension-ublock-origin
    - chromium-ublock-origin
    - firefox-esr-ublock-origin
    - firefox-ublock
    - firefox-ublock-origin
    - icecat-ublock-origin
    - iceweasel-ublock-origin
    - librewolf-ublock-origin
    - mozilla-ublock-origin
    - ublock
    - ublock-origin
    - ublock-origin-chromium
    - ublockorigin-firefox
    - xpi-ublock-origin
